{
    "version": 3,
    "terraform_version": "0.11.13",
    "serial": 14,
    "lineage": "14aa86d9-d4cb-cfba-6834-e71c612ab4aa",
    "modules": [
        {
            "path": [
                "root"
            ],
            "outputs": {},
            "resources": {
                "ibm_compute_ssh_key.ssh_key": {
                    "type": "ibm_compute_ssh_key",
                    "depends_on": [],
                    "primary": {
                        "id": "1381081",
                        "attributes": {
                            "fingerprint": "03:09:60:36:01:58:6c:6f:35:e5:cf:ce:62:40:88:d0",
                            "id": "1381081",
                            "label": "anspro1",
                            "notes": "SSH key for remote access to web site",
                            "public_key": "ssh-rsa AAAAB3NzaC1yc2EAAAADAQABAAACAQC7tdyXcE+C+CljZY36Fl76j4yg+BvLkBVnqo0zVOn8O3NFxD/LNNwGFAJ+6Q9EByIp6D4vXQNCA2t4YmswzL5oSwEq2X+xMNEcSyH0esHiZF3LwndKxbGMYyJcSXiHCbYBr4mOpmE2DqehhlJ6T7r2+PCUQwGSRuCb2o+6TtEpQevuXzTQmDp9/1JN9BXZc2FFTwULZrYnwGWjeiBgnvnx056cxfY6K+D1h0+1V4fqDbG6VGBMiKt+k8tWnM26e5B9nvFAfic76zdn/wBHQlP6Dr7UQNSdnZC2k2NkeJ1E0wVXKYNdAaf9tWoUlawRyAG+5YFrNYQ8Epifud+JZ6DG8IpL4tPtLKJzKtZheeYE6FnAzjnn1PFgBeXOeVLxa0zxBw7DUihzC6KdXwTvDhMh3GheDDQ15h5boPJCdhTxEGFDQDul/gycv6U1dwaaYZnwaCn0bXZZ+K8kLoAuBttGYWyCV3+jMktYIt70feFL/gtInl49bD0l3Jy0iEYrignmliEP8yd3B13SWPH83o4mpTxZNCt6Q5/roiK9Zw9HlLGz/QJtkfv7JtRliXiP2RacugtvieHJ9Bn5RhutPjGWzWbfUXAYzpQTcnx4Nudn5bFTN81txhzNv7IbdojL4G+zzlVv+RPfhNmWrvVfsNY4bKNn4q7I9ngmaPkU4d+xEw== steve_strutt@uk.ibm.com"
                        },
                        "meta": {},
                        "tainted": false
                    },
                    "deposed": [],
                    "provider": "provider.ibm"
                },
                "null_resource.null01": {
                    "type": "null_resource",
                    "depends_on": [],
                    "primary": {
                        "id": "5725633347055882425",
                        "attributes": {
                            "id": "5725633347055882425"
                        },
                        "meta": {},
                        "tainted": true
                    },
                    "deposed": [],
                    "provider": "provider.null"
                }
            },
            "depends_on": []
        }
    ]
}
