{
  "version": 4,
  "terraform_version": "0.12.23",
  "serial": 439,
  "lineage": "8ee32726-deb0-6da3-fdd9-fc0e7b7eda9d",
  "outputs": {
    "file": {
      "value": "\n[frontend]\n    host1 ansible_host=172.16.0.11\n    host2 ansible_host=172.16.2.13\n\n\n# [backend]\n#     # host4 ansible_host=172.17.0.11 \n# \n",
      "type": "string"
    }
  },
  "resources": [
    {
      "mode": "managed",
      "type": "local_file",
      "name": "ips",
      "provider": "provider.local",
      "instances": [
        {
          "schema_version": 0,
          "attributes": {
            "content": "\n[frontend]\n    host1 ansible_host=172.16.0.11\n    host2 ansible_host=172.16.2.13\n\n\n# [backend]\n#     # host4 ansible_host=172.17.0.11 \n# \n",
            "content_base64": null,
            "directory_permission": "0777",
            "file_permission": "0777",
            "filename": "./ansible-data/inventory",
            "id": "27bfd56ad1034fbe80890fb01eccef9586056981",
            "sensitive_content": null
          },
          "private": "bnVsbA=="
        }
      ]
    },
    {
      "mode": "managed",
      "type": "null_resource",
      "name": "ansible",
      "provider": "provider.null",
      "instances": [
        {
          "status": "tainted",
          "schema_version": 0,
          "attributes": {
            "id": "5189761515677426433",
            "triggers": {
              "always_run": "2020-04-24T14:17:56Z"
            }
          },
          "private": "bnVsbA=="
        }
      ]
    },
    {
      "mode": "managed",
      "type": "null_resource",
      "name": "ls",
      "provider": "provider.null",
      "instances": [
        {
          "schema_version": 0,
          "attributes": {
            "id": "8061912860247354808",
            "triggers": {
              "always_run": "2020-04-24T14:17:56Z"
            }
          },
          "private": "bnVsbA=="
        }
      ]
    },
    {
      "mode": "managed",
      "type": "null_resource",
      "name": "ls2",
      "provider": "provider.null",
      "instances": [
        {
          "schema_version": 0,
          "attributes": {
            "id": "3937530085519317620",
            "triggers": {
              "always_run": "2020-04-24T14:17:56Z"
            }
          },
          "private": "bnVsbA=="
        }
      ]
    }
  ]
}
